
Microsoft Visual Studio Solution File, Format Version 12.00
# Visual Studio 14
VisualStudioVersion = 14.0.25420.1
MinimumVisualStudioVersion = 10.0.40219.1
Project("{FAE04EC0-301F-11D3-BF4B-00C04F79EFBC}") = "DevDay2016-SmartGallery", "DevDay2016SmartGallery\DevDay2016-SmartGallery.csproj", "{6395964B-9BE6-4FF2-835F-25BD03BA9EBE}"
EndProject
Global
	GlobalSection(SolutionConfigurationPlatforms) = preSolution
		Debug|Any CPU = Debug|Any CPU
		Release|Any CPU = Release|Any CPU
	EndGlobalSection
	GlobalSection(ProjectConfigurationPlatforms) = postSolution
		{6395964B-9BE6-4FF2-835F-25BD03BA9EBE}.Debug|Any CPU.ActiveCfg = Debug|Any CPU
		{6395964B-9BE6-4FF2-835F-25BD03BA9EBE}.Debug|Any CPU.Build.0 = Debug|Any CPU
		{6395964B-9BE6-4FF2-835F-25BD03BA9EBE}.Release|Any CPU.ActiveCfg = Release|Any CPU
		{6395964B-9BE6-4FF2-835F-25BD03BA9EBE}.Release|Any CPU.Build.0 = Release|Any CPU
	EndGlobalSection
	GlobalSection(SolutionProperties) = preSolution
		HideSolutionNode = FALSE
	EndGlobalSection
EndGlobal
